
Microsoft Visual Studio Solution File, Format Version 12.00
# Visual Studio 15
VisualStudioVersion = 15.0.28010.2048
MinimumVisualStudioVersion = 10.0.40219.1
Project("{FAE04EC0-301F-11D3-BF4B-00C04F79EFBC}") = "ElevatorApp", "Elevator\ElevatorApp.csproj", "{A8174576-C90F-48C3-BBA5-02D1A2C5F5C2}"
EndProject
Project("{9A19103F-16F7-4668-BE54-9A1E7A4F7556}") = "ElevatorProj.Business", "Elevator.Business\ElevatorProj.Business.csproj", "{F21ED04B-0F7D-4FB1-AEB5-BE8A77F29663}"
EndProject
Project("{FAE04EC0-301F-11D3-BF4B-00C04F79EFBC}") = "ElevatorProj.Business.Test", "ElevatorProj.Business.Test\ElevatorProj.Business.Test.csproj", "{A97677D8-BBEE-47AC-B675-10DEB896141B}"
EndProject
Global
	GlobalSection(SolutionConfigurationPlatforms) = preSolution
		Debug|Any CPU = Debug|Any CPU
		Release|Any CPU = Release|Any CPU
	EndGlobalSection
	GlobalSection(ProjectConfigurationPlatforms) = postSolution
		{A8174576-C90F-48C3-BBA5-02D1A2C5F5C2}.Debug|Any CPU.ActiveCfg = Debug|Any CPU
		{A8174576-C90F-48C3-BBA5-02D1A2C5F5C2}.Debug|Any CPU.Build.0 = Debug|Any CPU
		{A8174576-C90F-48C3-BBA5-02D1A2C5F5C2}.Release|Any CPU.ActiveCfg = Release|Any CPU
		{A8174576-C90F-48C3-BBA5-02D1A2C5F5C2}.Release|Any CPU.Build.0 = Release|Any CPU
		{F21ED04B-0F7D-4FB1-AEB5-BE8A77F29663}.Debug|Any CPU.ActiveCfg = Debug|Any CPU
		{F21ED04B-0F7D-4FB1-AEB5-BE8A77F29663}.Debug|Any CPU.Build.0 = Debug|Any CPU
		{F21ED04B-0F7D-4FB1-AEB5-BE8A77F29663}.Release|Any CPU.ActiveCfg = Release|Any CPU
		{F21ED04B-0F7D-4FB1-AEB5-BE8A77F29663}.Release|Any CPU.Build.0 = Release|Any CPU
		{A97677D8-BBEE-47AC-B675-10DEB896141B}.Debug|Any CPU.ActiveCfg = Debug|Any CPU
		{A97677D8-BBEE-47AC-B675-10DEB896141B}.Debug|Any CPU.Build.0 = Debug|Any CPU
		{A97677D8-BBEE-47AC-B675-10DEB896141B}.Release|Any CPU.ActiveCfg = Release|Any CPU
		{A97677D8-BBEE-47AC-B675-10DEB896141B}.Release|Any CPU.Build.0 = Release|Any CPU
	EndGlobalSection
	GlobalSection(SolutionProperties) = preSolution
		HideSolutionNode = FALSE
	EndGlobalSection
	GlobalSection(ExtensibilityGlobals) = postSolution
		SolutionGuid = {133B33EE-0AAE-422C-8AB9-44CC51E97C76}
	EndGlobalSection
EndGlobal
